// !$*UTF8*$!
{
	archiveVersion = 1;
	classes = {
	};
	objectVersion = 56;
	objects = {

/* Begin PBXBuildFile section */
		67AFB86175D7C7F3A9586D00 /* Pods_ChatApp.framework in Frameworks */ = {isa = PBXBuildFile; fileRef = 5246D33D6599AF07FFEDA316 /* Pods_ChatApp.framework */; };
		74B2EAF334471904E3A1EB17 /* Pods_ChatApp_ChatAppUITests.framework in Frameworks */ = {isa = PBXBuildFile; fileRef = 097403D42C2E820A5D85B4F5 /* Pods_ChatApp_ChatAppUITests.framework */; };
		AA62E5FF2B2019F20045263A /* AppDelegate.swift in Sources */ = {isa = PBXBuildFile; fileRef = AA62E5FE2B2019F20045263A /* AppDelegate.swift */; };
		AA62E6012B2019F20045263A /* SceneDelegate.swift in Sources */ = {isa = PBXBuildFile; fileRef = AA62E6002B2019F20045263A /* SceneDelegate.swift */; };
		AA62E6032B2019F20045263A /* ViewController.swift in Sources */ = {isa = PBXBuildFile; fileRef = AA62E6022B2019F20045263A /* ViewController.swift */; };
		AA62E6062B2019F20045263A /* Main.storyboard in Resources */ = {isa = PBXBuildFile; fileRef = AA62E6042B2019F20045263A /* Main.storyboard */; };
		AA62E6082B2019F30045263A /* Assets.xcassets in Resources */ = {isa = PBXBuildFile; fileRef = AA62E6072B2019F30045263A /* Assets.xcassets */; };
		AA62E60B2B2019F30045263A /* LaunchScreen.storyboard in Resources */ = {isa = PBXBuildFile; fileRef = AA62E6092B2019F30045263A /* LaunchScreen.storyboard */; };
		AA62E6162B2019F30045263A /* ChatAppTests.swift in Sources */ = {isa = PBXBuildFile; fileRef = AA62E6152B2019F30045263A /* ChatAppTests.swift */; };
		AA62E6202B2019F30045263A /* ChatAppUITests.swift in Sources */ = {isa = PBXBuildFile; fileRef = AA62E61F2B2019F30045263A /* ChatAppUITests.swift */; };
		AA62E6222B2019F30045263A /* ChatAppUITestsLaunchTests.swift in Sources */ = {isa = PBXBuildFile; fileRef = AA62E6212B2019F30045263A /* ChatAppUITestsLaunchTests.swift */; };
		AA62E62F2B201A660045263A /* GoogleService-Info.plist in Resources */ = {isa = PBXBuildFile; fileRef = AA62E62E2B201A660045263A /* GoogleService-Info.plist */; };
		AA62E6352B201DB20045263A /* LoginViewController.swift in Sources */ = {isa = PBXBuildFile; fileRef = AA62E6332B201DB20045263A /* LoginViewController.swift */; };
		AA62E6362B201DB20045263A /* LoginViewController.xib in Resources */ = {isa = PBXBuildFile; fileRef = AA62E6342B201DB20045263A /* LoginViewController.xib */; };
		AA62E6392B201DCA0045263A /* SignUpViewController.swift in Sources */ = {isa = PBXBuildFile; fileRef = AA62E6372B201DCA0045263A /* SignUpViewController.swift */; };
		AA62E63A2B201DCA0045263A /* SignUpViewController.xib in Resources */ = {isa = PBXBuildFile; fileRef = AA62E6382B201DCA0045263A /* SignUpViewController.xib */; };
		AA8054C22B201EA80045476A /* HomeViewController.swift in Sources */ = {isa = PBXBuildFile; fileRef = AA8054C02B201EA80045476A /* HomeViewController.swift */; };
		AA8054C32B201EA80045476A /* HomeViewController.xib in Resources */ = {isa = PBXBuildFile; fileRef = AA8054C12B201EA80045476A /* HomeViewController.xib */; };
		AA8054C62B201EE10045476A /* NSObject.swift in Sources */ = {isa = PBXBuildFile; fileRef = AA8054C52B201EE10045476A /* NSObject.swift */; };
		C6EB64200E56866A285161CE /* Pods_ChatAppTests.framework in Frameworks */ = {isa = PBXBuildFile; fileRef = E9E7554A126DF134852056B3 /* Pods_ChatAppTests.framework */; };
/* End PBXBuildFile section */

/* Begin PBXContainerItemProxy section */
		AA62E6122B2019F30045263A /* PBXContainerItemProxy */ = {
			isa = PBXContainerItemProxy;
			containerPortal = AA62E5F32B2019F20045263A /* Project object */;
			proxyType = 1;
			remoteGlobalIDString = AA62E5FA2B2019F20045263A;
			remoteInfo = ChatApp;
		};
		AA62E61C2B2019F30045263A /* PBXContainerItemProxy */ = {
			isa = PBXContainerItemProxy;
			containerPortal = AA62E5F32B2019F20045263A /* Project object */;
			proxyType = 1;
			remoteGlobalIDString = AA62E5FA2B2019F20045263A;
			remoteInfo = ChatApp;
		};
/* End PBXContainerItemProxy section */

/* Begin PBXFileReference section */
		097403D42C2E820A5D85B4F5 /* Pods_ChatApp_ChatAppUITests.framework */ = {isa = PBXFileReference; explicitFileType = wrapper.framework; includeInIndex = 0; path = Pods_ChatApp_ChatAppUITests.framework; sourceTree = BUILT_PRODUCTS_DIR; };
		13D00FE79B1625ACE2887E89 /* Pods-ChatApp-ChatAppUITests.release.xcconfig */ = {isa = PBXFileReference; includeInIndex = 1; lastKnownFileType = text.xcconfig; name = "Pods-ChatApp-ChatAppUITests.release.xcconfig"; path = "Target Support Files/Pods-ChatApp-ChatAppUITests/Pods-ChatApp-ChatAppUITests.release.xcconfig"; sourceTree = "<group>"; };
		25F5DCB70E96195A9FC94BE6 /* Pods-ChatApp.debug.xcconfig */ = {isa = PBXFileReference; includeInIndex = 1; lastKnownFileType = text.xcconfig; name = "Pods-ChatApp.debug.xcconfig"; path = "Target Support Files/Pods-ChatApp/Pods-ChatApp.debug.xcconfig"; sourceTree = "<group>"; };
		5246D33D6599AF07FFEDA316 /* Pods_ChatApp.framework */ = {isa = PBXFileReference; explicitFileType = wrapper.framework; includeInIndex = 0; path = Pods_ChatApp.framework; sourceTree = BUILT_PRODUCTS_DIR; };
		68DA85D9AB4006ED0FCE12BD /* Pods-ChatApp.release.xcconfig */ = {isa = PBXFileReference; includeInIndex = 1; lastKnownFileType = text.xcconfig; name = "Pods-ChatApp.release.xcconfig"; path = "Target Support Files/Pods-ChatApp/Pods-ChatApp.release.xcconfig"; sourceTree = "<group>"; };
		759674CA57483C7CAA7721CC /* Pods-ChatApp-ChatAppUITests.debug.xcconfig */ = {isa = PBXFileReference; includeInIndex = 1; lastKnownFileType = text.xcconfig; name = "Pods-ChatApp-ChatAppUITests.debug.xcconfig"; path = "Target Support Files/Pods-ChatApp-ChatAppUITests/Pods-ChatApp-ChatAppUITests.debug.xcconfig"; sourceTree = "<group>"; };
		969FE81EE8B2487F1093D8C2 /* Pods-ChatAppTests.debug.xcconfig */ = {isa = PBXFileReference; includeInIndex = 1; lastKnownFileType = text.xcconfig; name = "Pods-ChatAppTests.debug.xcconfig"; path = "Target Support Files/Pods-ChatAppTests/Pods-ChatAppTests.debug.xcconfig"; sourceTree = "<group>"; };
		AA62E5FB2B2019F20045263A /* ChatApp.app */ = {isa = PBXFileReference; explicitFileType = wrapper.application; includeInIndex = 0; path = ChatApp.app; sourceTree = BUILT_PRODUCTS_DIR; };
		AA62E5FE2B2019F20045263A /* AppDelegate.swift */ = {isa = PBXFileReference; lastKnownFileType = sourcecode.swift; path = AppDelegate.swift; sourceTree = "<group>"; };
		AA62E6002B2019F20045263A /* SceneDelegate.swift */ = {isa = PBXFileReference; lastKnownFileType = sourcecode.swift; path = SceneDelegate.swift; sourceTree = "<group>"; };
		AA62E6022B2019F20045263A /* ViewController.swift */ = {isa = PBXFileReference; lastKnownFileType = sourcecode.swift; path = ViewController.swift; sourceTree = "<group>"; };
		AA62E6052B2019F20045263A /* Base */ = {isa = PBXFileReference; lastKnownFileType = file.storyboard; name = Base; path = Base.lproj/Main.storyboard; sourceTree = "<group>"; };
		AA62E6072B2019F30045263A /* Assets.xcassets */ = {isa = PBXFileReference; lastKnownFileType = folder.assetcatalog; path = Assets.xcassets; sourceTree = "<group>"; };
		AA62E60A2B2019F30045263A /* Base */ = {isa = PBXFileReference; lastKnownFileType = file.storyboard; name = Base; path = Base.lproj/LaunchScreen.storyboard; sourceTree = "<group>"; };
		AA62E60C2B2019F30045263A /* Info.plist */ = {isa = PBXFileReference; lastKnownFileType = text.plist.xml; path = Info.plist; sourceTree = "<group>"; };
		AA62E6112B2019F30045263A /* ChatAppTests.xctest */ = {isa = PBXFileReference; explicitFileType = wrapper.cfbundle; includeInIndex = 0; path = ChatAppTests.xctest; sourceTree = BUILT_PRODUCTS_DIR; };
		AA62E6152B2019F30045263A /* ChatAppTests.swift */ = {isa = PBXFileReference; lastKnownFileType = sourcecode.swift; path = ChatAppTests.swift; sourceTree = "<group>"; };
		AA62E61B2B2019F30045263A /* ChatAppUITests.xctest */ = {isa = PBXFileReference; explicitFileType = wrapper.cfbundle; includeInIndex = 0; path = ChatAppUITests.xctest; sourceTree = BUILT_PRODUCTS_DIR; };
		AA62E61F2B2019F30045263A /* ChatAppUITests.swift */ = {isa = PBXFileReference; lastKnownFileType = sourcecode.swift; path = ChatAppUITests.swift; sourceTree = "<group>"; };
		AA62E6212B2019F30045263A /* ChatAppUITestsLaunchTests.swift */ = {isa = PBXFileReference; lastKnownFileType = sourcecode.swift; path = ChatAppUITestsLaunchTests.swift; sourceTree = "<group>"; };
		AA62E62E2B201A660045263A /* GoogleService-Info.plist */ = {isa = PBXFileReference; fileEncoding = 4; lastKnownFileType = text.plist.xml; path = "GoogleService-Info.plist"; sourceTree = "<group>"; };
		AA62E6332B201DB20045263A /* LoginViewController.swift */ = {isa = PBXFileReference; lastKnownFileType = sourcecode.swift; path = LoginViewController.swift; sourceTree = "<group>"; };
		AA62E6342B201DB20045263A /* LoginViewController.xib */ = {isa = PBXFileReference; lastKnownFileType = file.xib; path = LoginViewController.xib; sourceTree = "<group>"; };
		AA62E6372B201DCA0045263A /* SignUpViewController.swift */ = {isa = PBXFileReference; lastKnownFileType = sourcecode.swift; path = SignUpViewController.swift; sourceTree = "<group>"; };
		AA62E6382B201DCA0045263A /* SignUpViewController.xib */ = {isa = PBXFileReference; lastKnownFileType = file.xib; path = SignUpViewController.xib; sourceTree = "<group>"; };
		AA8054C02B201EA80045476A /* HomeViewController.swift */ = {isa = PBXFileReference; lastKnownFileType = sourcecode.swift; path = HomeViewController.swift; sourceTree = "<group>"; };
		AA8054C12B201EA80045476A /* HomeViewController.xib */ = {isa = PBXFileReference; lastKnownFileType = file.xib; path = HomeViewController.xib; sourceTree = "<group>"; };
		AA8054C52B201EE10045476A /* NSObject.swift */ = {isa = PBXFileReference; lastKnownFileType = sourcecode.swift; path = NSObject.swift; sourceTree = "<group>"; };
		B15B9D821637C2AC2097B369 /* Pods-ChatAppTests.release.xcconfig */ = {isa = PBXFileReference; includeInIndex = 1; lastKnownFileType = text.xcconfig; name = "Pods-ChatAppTests.release.xcconfig"; path = "Target Support Files/Pods-ChatAppTests/Pods-ChatAppTests.release.xcconfig"; sourceTree = "<group>"; };
		E9E7554A126DF134852056B3 /* Pods_ChatAppTests.framework */ = {isa = PBXFileReference; explicitFileType = wrapper.framework; includeInIndex = 0; path = Pods_ChatAppTests.framework; sourceTree = BUILT_PRODUCTS_DIR; };
/* End PBXFileReference section */

/* Begin PBXFrameworksBuildPhase section */
		AA62E5F82B2019F20045263A /* Frameworks */ = {
			isa = PBXFrameworksBuildPhase;
			buildActionMask = 2147483647;
			files = (
				67AFB86175D7C7F3A9586D00 /* Pods_ChatApp.framework in Frameworks */,
			);
			runOnlyForDeploymentPostprocessing = 0;
		};
		AA62E60E2B2019F30045263A /* Frameworks */ = {
			isa = PBXFrameworksBuildPhase;
			buildActionMask = 2147483647;
			files = (
				C6EB64200E56866A285161CE /* Pods_ChatAppTests.framework in Frameworks */,
			);
			runOnlyForDeploymentPostprocessing = 0;
		};
		AA62E6182B2019F30045263A /* Frameworks */ = {
			isa = PBXFrameworksBuildPhase;
			buildActionMask = 2147483647;
			files = (
				74B2EAF334471904E3A1EB17 /* Pods_ChatApp_ChatAppUITests.framework in Frameworks */,
			);
			runOnlyForDeploymentPostprocessing = 0;
		};
/* End PBXFrameworksBuildPhase section */

/* Begin PBXGroup section */
		A60FDD3B2CAA18379648B4FD /* Frameworks */ = {
			isa = PBXGroup;
			children = (
				5246D33D6599AF07FFEDA316 /* Pods_ChatApp.framework */,
				097403D42C2E820A5D85B4F5 /* Pods_ChatApp_ChatAppUITests.framework */,
				E9E7554A126DF134852056B3 /* Pods_ChatAppTests.framework */,
			);
			name = Frameworks;
			sourceTree = "<group>";
		};
		AA62E5F22B2019F20045263A = {
			isa = PBXGroup;
			children = (
				AA62E5FD2B2019F20045263A /* ChatApp */,
				AA62E6142B2019F30045263A /* ChatAppTests */,
				AA62E61E2B2019F30045263A /* ChatAppUITests */,
				AA62E5FC2B2019F20045263A /* Products */,
				DB3237CAF340112DCA36133B /* Pods */,
				A60FDD3B2CAA18379648B4FD /* Frameworks */,
			);
			sourceTree = "<group>";
		};
		AA62E5FC2B2019F20045263A /* Products */ = {
			isa = PBXGroup;
			children = (
				AA62E5FB2B2019F20045263A /* ChatApp.app */,
				AA62E6112B2019F30045263A /* ChatAppTests.xctest */,
				AA62E61B2B2019F30045263A /* ChatAppUITests.xctest */,
			);
			name = Products;
			sourceTree = "<group>";
		};
		AA62E5FD2B2019F20045263A /* ChatApp */ = {
			isa = PBXGroup;
			children = (
				AA8054C42B201EAC0045476A /* Model */,
				AA62E6302B201C8B0045263A /* Screen */,
				AA62E5FE2B2019F20045263A /* AppDelegate.swift */,
				AA62E6002B2019F20045263A /* SceneDelegate.swift */,
				AA62E6022B2019F20045263A /* ViewController.swift */,
				AA62E6042B2019F20045263A /* Main.storyboard */,
				AA62E6072B2019F30045263A /* Assets.xcassets */,
				AA62E6092B2019F30045263A /* LaunchScreen.storyboard */,
				AA62E62E2B201A660045263A /* GoogleService-Info.plist */,
				AA62E60C2B2019F30045263A /* Info.plist */,
			);
			path = ChatApp;
			sourceTree = "<group>";
		};
		AA62E6142B2019F30045263A /* ChatAppTests */ = {
			isa = PBXGroup;
			children = (
				AA62E6152B2019F30045263A /* ChatAppTests.swift */,
			);
			path = ChatAppTests;
			sourceTree = "<group>";
		};
		AA62E61E2B2019F30045263A /* ChatAppUITests */ = {
			isa = PBXGroup;
			children = (
				AA62E61F2B2019F30045263A /* ChatAppUITests.swift */,
				AA62E6212B2019F30045263A /* ChatAppUITestsLaunchTests.swift */,
			);
			path = ChatAppUITests;
			sourceTree = "<group>";
		};
		AA62E6302B201C8B0045263A /* Screen */ = {
			isa = PBXGroup;
			children = (
				AA8054BF2B201E980045476A /* Home */,
				AA62E6322B201CAB0045263A /* SignUp */,
				AA62E6312B201CA50045263A /* Login */,
			);
			path = Screen;
			sourceTree = "<group>";
		};
		AA62E6312B201CA50045263A /* Login */ = {
			isa = PBXGroup;
			children = (
				AA62E6332B201DB20045263A /* LoginViewController.swift */,
				AA62E6342B201DB20045263A /* LoginViewController.xib */,
			);
			path = Login;
			sourceTree = "<group>";
		};
		AA62E6322B201CAB0045263A /* SignUp */ = {
			isa = PBXGroup;
			children = (
				AA62E6372B201DCA0045263A /* SignUpViewController.swift */,
				AA62E6382B201DCA0045263A /* SignUpViewController.xib */,
			);
			path = SignUp;
			sourceTree = "<group>";
		};
		AA8054BF2B201E980045476A /* Home */ = {
			isa = PBXGroup;
			children = (
				AA8054C02B201EA80045476A /* HomeViewController.swift */,
				AA8054C12B201EA80045476A /* HomeViewController.xib */,
			);
			path = Home;
			sourceTree = "<group>";
		};
		AA8054C42B201EAC0045476A /* Model */ = {
			isa = PBXGroup;
			children = (
				AA8054C52B201EE10045476A /* NSObject.swift */,
			);
			path = Model;
			sourceTree = "<group>";
		};
		DB3237CAF340112DCA36133B /* Pods */ = {
			isa = PBXGroup;
			children = (
				25F5DCB70E96195A9FC94BE6 /* Pods-ChatApp.debug.xcconfig */,
				68DA85D9AB4006ED0FCE12BD /* Pods-ChatApp.release.xcconfig */,
				759674CA57483C7CAA7721CC /* Pods-ChatApp-ChatAppUITests.debug.xcconfig */,
				13D00FE79B1625ACE2887E89 /* Pods-ChatApp-ChatAppUITests.release.xcconfig */,
				969FE81EE8B2487F1093D8C2 /* Pods-ChatAppTests.debug.xcconfig */,
				B15B9D821637C2AC2097B369 /* Pods-ChatAppTests.release.xcconfig */,
			);
			path = Pods;
			sourceTree = "<group>";
		};
/* End PBXGroup section */

/* Begin PBXNativeTarget section */
		AA62E5FA2B2019F20045263A /* ChatApp */ = {
			isa = PBXNativeTarget;
			buildConfigurationList = AA62E6252B2019F30045263A /* Build configuration list for PBXNativeTarget "ChatApp" */;
			buildPhases = (
				5BEBA2B3DE8FEED02930D64B /* [CP] Check Pods Manifest.lock */,
				AA62E5F72B2019F20045263A /* Sources */,
				AA62E5F82B2019F20045263A /* Frameworks */,
				AA62E5F92B2019F20045263A /* Resources */,
				0CDC78DC123DA3DA5A52A20B /* [CP] Embed Pods Frameworks */,
			);
			buildRules = (
			);
			dependencies = (
			);
			name = ChatApp;
			productName = ChatApp;
			productReference = AA62E5FB2B2019F20045263A /* ChatApp.app */;
			productType = "com.apple.product-type.application";
		};
		AA62E6102B2019F30045263A /* ChatAppTests */ = {
			isa = PBXNativeTarget;
			buildConfigurationList = AA62E6282B2019F30045263A /* Build configuration list for PBXNativeTarget "ChatAppTests" */;
			buildPhases = (
				5E16DEFBE2097C22E1335764 /* [CP] Check Pods Manifest.lock */,
				AA62E60D2B2019F30045263A /* Sources */,
				AA62E60E2B2019F30045263A /* Frameworks */,
				AA62E60F2B2019F30045263A /* Resources */,
			);
			buildRules = (
			);
			dependencies = (
				AA62E6132B2019F30045263A /* PBXTargetDependency */,
			);
			name = ChatAppTests;
			productName = ChatAppTests;
			productReference = AA62E6112B2019F30045263A /* ChatAppTests.xctest */;
			productType = "com.apple.product-type.bundle.unit-test";
		};
		AA62E61A2B2019F30045263A /* ChatAppUITests */ = {
			isa = PBXNativeTarget;
			buildConfigurationList = AA62E62B2B2019F30045263A /* Build configuration list for PBXNativeTarget "ChatAppUITests" */;
			buildPhases = (
				B78487A3F0A1F3827B89D231 /* [CP] Check Pods Manifest.lock */,
				AA62E6172B2019F30045263A /* Sources */,
				AA62E6182B2019F30045263A /* Frameworks */,
				AA62E6192B2019F30045263A /* Resources */,
				DAF1CB6EDAFDA65E8443D133 /* [CP] Embed Pods Frameworks */,
			);
			buildRules = (
			);
			dependencies = (
				AA62E61D2B2019F30045263A /* PBXTargetDependency */,
			);
			name = ChatAppUITests;
			productName = ChatAppUITests;
			productReference = AA62E61B2B2019F30045263A /* ChatAppUITests.xctest */;
			productType = "com.apple.product-type.bundle.ui-testing";
		};
/* End PBXNativeTarget section */

/* Begin PBXProject section */
		AA62E5F32B2019F20045263A /* Project object */ = {
			isa = PBXProject;
			attributes = {
				BuildIndependentTargetsInParallel = 1;
				LastSwiftUpdateCheck = 1420;
				LastUpgradeCheck = 1420;
				TargetAttributes = {
					AA62E5FA2B2019F20045263A = {
						CreatedOnToolsVersion = 14.2;
					};
					AA62E6102B2019F30045263A = {
						CreatedOnToolsVersion = 14.2;
						TestTargetID = AA62E5FA2B2019F20045263A;
					};
					AA62E61A2B2019F30045263A = {
						CreatedOnToolsVersion = 14.2;
						TestTargetID = AA62E5FA2B2019F20045263A;
					};
				};
			};
			buildConfigurationList = AA62E5F62B2019F20045263A /* Build configuration list for PBXProject "ChatApp" */;
			compatibilityVersion = "Xcode 14.0";
			developmentRegion = en;
			hasScannedForEncodings = 0;
			knownRegions = (
				en,
				Base,
			);
			mainGroup = AA62E5F22B2019F20045263A;
			productRefGroup = AA62E5FC2B2019F20045263A /* Products */;
			projectDirPath = "";
			projectRoot = "";
			targets = (
				AA62E5FA2B2019F20045263A /* ChatApp */,
				AA62E6102B2019F30045263A /* ChatAppTests */,
				AA62E61A2B2019F30045263A /* ChatAppUITests */,
			);
		};
/* End PBXProject section */

/* Begin PBXResourcesBuildPhase section */
		AA62E5F92B2019F20045263A /* Resources */ = {
			isa = PBXResourcesBuildPhase;
			buildActionMask = 2147483647;
			files = (
				AA62E6362B201DB20045263A /* LoginViewController.xib in Resources */,
				AA62E60B2B2019F30045263A /* LaunchScreen.storyboard in Resources */,
				AA62E62F2B201A660045263A /* GoogleService-Info.plist in Resources */,
				AA62E6082B2019F30045263A /* Assets.xcassets in Resources */,
				AA62E63A2B201DCA0045263A /* SignUpViewController.xib in Resources */,
				AA8054C32B201EA80045476A /* HomeViewController.xib in Resources */,
				AA62E6062B2019F20045263A /* Main.storyboard in Resources */,
			);
			runOnlyForDeploymentPostprocessing = 0;
		};
		AA62E60F2B2019F30045263A /* Resources */ = {
			isa = PBXResourcesBuildPhase;
			buildActionMask = 2147483647;
			files = (
			);
			runOnlyForDeploymentPostprocessing = 0;
		};
		AA62E6192B2019F30045263A /* Resources */ = {
			isa = PBXResourcesBuildPhase;
			buildActionMask = 2147483647;
			files = (
			);
			runOnlyForDeploymentPostprocessing = 0;
		};
/* End PBXResourcesBuildPhase section */

/* Begin PBXShellScriptBuildPhase section */
		0CDC78DC123DA3DA5A52A20B /* [CP] Embed Pods Frameworks */ = {
			isa = PBXShellScriptBuildPhase;
			buildActionMask = 2147483647;
			files = (
			);
			inputFileListPaths = (
				"${PODS_ROOT}/Target Support Files/Pods-ChatApp/Pods-ChatApp-frameworks-${CONFIGURATION}-input-files.xcfilelist",
			);
			name = "[CP] Embed Pods Frameworks";
			outputFileListPaths = (
				"${PODS_ROOT}/Target Support Files/Pods-ChatApp/Pods-ChatApp-frameworks-${CONFIGURATION}-output-files.xcfilelist",
			);
			runOnlyForDeploymentPostprocessing = 0;
			shellPath = /bin/sh;
			shellScript = "\"${PODS_ROOT}/Target Support Files/Pods-ChatApp/Pods-ChatApp-frameworks.sh\"\n";
			showEnvVarsInLog = 0;
		};
		5BEBA2B3DE8FEED02930D64B /* [CP] Check Pods Manifest.lock */ = {
			isa = PBXShellScriptBuildPhase;
			buildActionMask = 2147483647;
			files = (
			);
			inputFileListPaths = (
			);
			inputPaths = (
				"${PODS_PODFILE_DIR_PATH}/Podfile.lock",
				"${PODS_ROOT}/Manifest.lock",
			);
			name = "[CP] Check Pods Manifest.lock";
			outputFileListPaths = (
			);
			outputPaths = (
				"$(DERIVED_FILE_DIR)/Pods-ChatApp-checkManifestLockResult.txt",
			);
			runOnlyForDeploymentPostprocessing = 0;
			shellPath = /bin/sh;
			shellScript = "diff \"${PODS_PODFILE_DIR_PATH}/Podfile.lock\" \"${PODS_ROOT}/Manifest.lock\" > /dev/null\nif [ $? != 0 ] ; then\n    # print error to STDERR\n    echo \"error: The sandbox is not in sync with the Podfile.lock. Run 'pod install' or update your CocoaPods installation.\" >&2\n    exit 1\nfi\n# This output is used by Xcode 'outputs' to avoid re-running this script phase.\necho \"SUCCESS\" > \"${SCRIPT_OUTPUT_FILE_0}\"\n";
			showEnvVarsInLog = 0;
		};
		5E16DEFBE2097C22E1335764 /* [CP] Check Pods Manifest.lock */ = {
			isa = PBXShellScriptBuildPhase;
			buildActionMask = 2147483647;
			files = (
			);
			inputFileListPaths = (
			);
			inputPaths = (
				"${PODS_PODFILE_DIR_PATH}/Podfile.lock",
				"${PODS_ROOT}/Manifest.lock",
			);
			name = "[CP] Check Pods Manifest.lock";
			outputFileListPaths = (
			);
			outputPaths = (
				"$(DERIVED_FILE_DIR)/Pods-ChatAppTests-checkManifestLockResult.txt",
			);
			runOnlyForDeploymentPostprocessing = 0;
			shellPath = /bin/sh;
			shellScript = "diff \"${PODS_PODFILE_DIR_PATH}/Podfile.lock\" \"${PODS_ROOT}/Manifest.lock\" > /dev/null\nif [ $? != 0 ] ; then\n    # print error to STDERR\n    echo \"error: The sandbox is not in sync with the Podfile.lock. Run 'pod install' or update your CocoaPods installation.\" >&2\n    exit 1\nfi\n# This output is used by Xcode 'outputs' to avoid re-running this script phase.\necho \"SUCCESS\" > \"${SCRIPT_OUTPUT_FILE_0}\"\n";
			showEnvVarsInLog = 0;
		};
		B78487A3F0A1F3827B89D231 /* [CP] Check Pods Manifest.lock */ = {
			isa = PBXShellScriptBuildPhase;
			buildActionMask = 2147483647;
			files = (
			);
			inputFileListPaths = (
			);
			inputPaths = (
				"${PODS_PODFILE_DIR_PATH}/Podfile.lock",
				"${PODS_ROOT}/Manifest.lock",
			);
			name = "[CP] Check Pods Manifest.lock";
			outputFileListPaths = (
			);
			outputPaths = (
				"$(DERIVED_FILE_DIR)/Pods-ChatApp-ChatAppUITests-checkManifestLockResult.txt",
			);
			runOnlyForDeploymentPostprocessing = 0;
			shellPath = /bin/sh;
			shellScript = "diff \"${PODS_PODFILE_DIR_PATH}/Podfile.lock\" \"${PODS_ROOT}/Manifest.lock\" > /dev/null\nif [ $? != 0 ] ; then\n    # print error to STDERR\n    echo \"error: The sandbox is not in sync with the Podfile.lock. Run 'pod install' or update your CocoaPods installation.\" >&2\n    exit 1\nfi\n# This output is used by Xcode 'outputs' to avoid re-running this script phase.\necho \"SUCCESS\" > \"${SCRIPT_OUTPUT_FILE_0}\"\n";
			showEnvVarsInLog = 0;
		};
		DAF1CB6EDAFDA65E8443D133 /* [CP] Embed Pods Frameworks */ = {
			isa = PBXShellScriptBuildPhase;
			buildActionMask = 2147483647;
			files = (
			);
			inputFileListPaths = (
				"${PODS_ROOT}/Target Support Files/Pods-ChatApp-ChatAppUITests/Pods-ChatApp-ChatAppUITests-frameworks-${CONFIGURATION}-input-files.xcfilelist",
			);
			name = "[CP] Embed Pods Frameworks";
			outputFileListPaths = (
				"${PODS_ROOT}/Target Support Files/Pods-ChatApp-ChatAppUITests/Pods-ChatApp-ChatAppUITests-frameworks-${CONFIGURATION}-output-files.xcfilelist",
			);
			runOnlyForDeploymentPostprocessing = 0;
			shellPath = /bin/sh;
			shellScript = "\"${PODS_ROOT}/Target Support Files/Pods-ChatApp-ChatAppUITests/Pods-ChatApp-ChatAppUITests-frameworks.sh\"\n";
			showEnvVarsInLog = 0;
		};
/* End PBXShellScriptBuildPhase section */

/* Begin PBXSourcesBuildPhase section */
		AA62E5F72B2019F20045263A /* Sources */ = {
			isa = PBXSourcesBuildPhase;
			buildActionMask = 2147483647;
			files = (
				AA62E6352B201DB20045263A /* LoginViewController.swift in Sources */,
				AA62E6032B2019F20045263A /* ViewController.swift in Sources */,
				AA62E5FF2B2019F20045263A /* AppDelegate.swift in Sources */,
				AA8054C62B201EE10045476A /* NSObject.swift in Sources */,
				AA62E6012B2019F20045263A /* SceneDelegate.swift in Sources */,
				AA62E6392B201DCA0045263A /* SignUpViewController.swift in Sources */,
				AA8054C22B201EA80045476A /* HomeViewController.swift in Sources */,
			);
			runOnlyForDeploymentPostprocessing = 0;
		};
		AA62E60D2B2019F30045263A /* Sources */ = {
			isa = PBXSourcesBuildPhase;
			buildActionMask = 2147483647;
			files = (
				AA62E6162B2019F30045263A /* ChatAppTests.swift in Sources */,
			);
			runOnlyForDeploymentPostprocessing = 0;
		};
		AA62E6172B2019F30045263A /* Sources */ = {
			isa = PBXSourcesBuildPhase;
			buildActionMask = 2147483647;
			files = (
				AA62E6222B2019F30045263A /* ChatAppUITestsLaunchTests.swift in Sources */,
				AA62E6202B2019F30045263A /* ChatAppUITests.swift in Sources */,
			);
			runOnlyForDeploymentPostprocessing = 0;
		};
/* End PBXSourcesBuildPhase section */

/* Begin PBXTargetDependency section */
		AA62E6132B2019F30045263A /* PBXTargetDependency */ = {
			isa = PBXTargetDependency;
			target = AA62E5FA2B2019F20045263A /* ChatApp */;
			targetProxy = AA62E6122B2019F30045263A /* PBXContainerItemProxy */;
		};
		AA62E61D2B2019F30045263A /* PBXTargetDependency */ = {
			isa = PBXTargetDependency;
			target = AA62E5FA2B2019F20045263A /* ChatApp */;
			targetProxy = AA62E61C2B2019F30045263A /* PBXContainerItemProxy */;
		};
/* End PBXTargetDependency section */

/* Begin PBXVariantGroup section */
		AA62E6042B2019F20045263A /* Main.storyboard */ = {
			isa = PBXVariantGroup;
			children = (
				AA62E6052B2019F20045263A /* Base */,
			);
			name = Main.storyboard;
			sourceTree = "<group>";
		};
		AA62E6092B2019F30045263A /* LaunchScreen.storyboard */ = {
			isa = PBXVariantGroup;
			children = (
				AA62E60A2B2019F30045263A /* Base */,
			);
			name = LaunchScreen.storyboard;
			sourceTree = "<group>";
		};
/* End PBXVariantGroup section */

/* Begin XCBuildConfiguration section */
		AA62E6232B2019F30045263A /* Debug */ = {
			isa = XCBuildConfiguration;
			buildSettings = {
				ALWAYS_SEARCH_USER_PATHS = NO;
				CLANG_ANALYZER_NONNULL = YES;
				CLANG_ANALYZER_NUMBER_OBJECT_CONVERSION = YES_AGGRESSIVE;
				CLANG_CXX_LANGUAGE_STANDARD = "gnu++20";
				CLANG_ENABLE_MODULES = YES;
				CLANG_ENABLE_OBJC_ARC = YES;
				CLANG_ENABLE_OBJC_WEAK = YES;
				CLANG_WARN_BLOCK_CAPTURE_AUTORELEASING = YES;
				CLANG_WARN_BOOL_CONVERSION = YES;
				CLANG_WARN_COMMA = YES;
				CLANG_WARN_CONSTANT_CONVERSION = YES;
				CLANG_WARN_DEPRECATED_OBJC_IMPLEMENTATIONS = YES;
				CLANG_WARN_DIRECT_OBJC_ISA_USAGE = YES_ERROR;
				CLANG_WARN_DOCUMENTATION_COMMENTS = YES;
				CLANG_WARN_EMPTY_BODY = YES;
				CLANG_WARN_ENUM_CONVERSION = YES;
				CLANG_WARN_INFINITE_RECURSION = YES;
				CLANG_WARN_INT_CONVERSION = YES;
				CLANG_WARN_NON_LITERAL_NULL_CONVERSION = YES;
				CLANG_WARN_OBJC_IMPLICIT_RETAIN_SELF = YES;
				CLANG_WARN_OBJC_LITERAL_CONVERSION = YES;
				CLANG_WARN_OBJC_ROOT_CLASS = YES_ERROR;
				CLANG_WARN_QUOTED_INCLUDE_IN_FRAMEWORK_HEADER = YES;
				CLANG_WARN_RANGE_LOOP_ANALYSIS = YES;
				CLANG_WARN_STRICT_PROTOTYPES = YES;
				CLANG_WARN_SUSPICIOUS_MOVE = YES;
				CLANG_WARN_UNGUARDED_AVAILABILITY = YES_AGGRESSIVE;
				CLANG_WARN_UNREACHABLE_CODE = YES;
				CLANG_WARN__DUPLICATE_METHOD_MATCH = YES;
				COPY_PHASE_STRIP = NO;
				DEBUG_INFORMATION_FORMAT = dwarf;
				ENABLE_STRICT_OBJC_MSGSEND = YES;
				ENABLE_TESTABILITY = YES;
				GCC_C_LANGUAGE_STANDARD = gnu11;
				GCC_DYNAMIC_NO_PIC = NO;
				GCC_NO_COMMON_BLOCKS = YES;
				GCC_OPTIMIZATION_LEVEL = 0;
				GCC_PREPROCESSOR_DEFINITIONS = (
					"DEBUG=1",
					"$(inherited)",
				);
				GCC_WARN_64_TO_32_BIT_CONVERSION = YES;
				GCC_WARN_ABOUT_RETURN_TYPE = YES_ERROR;
				GCC_WARN_UNDECLARED_SELECTOR = YES;
				GCC_WARN_UNINITIALIZED_AUTOS = YES_AGGRESSIVE;
				GCC_WARN_UNUSED_FUNCTION = YES;
				GCC_WARN_UNUSED_VARIABLE = YES;
				IPHONEOS_DEPLOYMENT_TARGET = 16.2;
				MTL_ENABLE_DEBUG_INFO = INCLUDE_SOURCE;
				MTL_FAST_MATH = YES;
				ONLY_ACTIVE_ARCH = YES;
				SDKROOT = iphoneos;
				SWIFT_ACTIVE_COMPILATION_CONDITIONS = DEBUG;
				SWIFT_OPTIMIZATION_LEVEL = "-Onone";
			};
			name = Debug;
		};
		AA62E6242B2019F30045263A /* Release */ = {
			isa = XCBuildConfiguration;
			buildSettings = {
				ALWAYS_SEARCH_USER_PATHS = NO;
				CLANG_ANALYZER_NONNULL = YES;
				CLANG_ANALYZER_NUMBER_OBJECT_CONVERSION = YES_AGGRESSIVE;
				CLANG_CXX_LANGUAGE_STANDARD = "gnu++20";
				CLANG_ENABLE_MODULES = YES;
				CLANG_ENABLE_OBJC_ARC = YES;
				CLANG_ENABLE_OBJC_WEAK = YES;
				CLANG_WARN_BLOCK_CAPTURE_AUTORELEASING = YES;
				CLANG_WARN_BOOL_CONVERSION = YES;
				CLANG_WARN_COMMA = YES;
				CLANG_WARN_CONSTANT_CONVERSION = YES;
				CLANG_WARN_DEPRECATED_OBJC_IMPLEMENTATIONS = YES;
				CLANG_WARN_DIRECT_OBJC_ISA_USAGE = YES_ERROR;
				CLANG_WARN_DOCUMENTATION_COMMENTS = YES;
				CLANG_WARN_EMPTY_BODY = YES;
				CLANG_WARN_ENUM_CONVERSION = YES;
				CLANG_WARN_INFINITE_RECURSION = YES;
				CLANG_WARN_INT_CONVERSION = YES;
				CLANG_WARN_NON_LITERAL_NULL_CONVERSION = YES;
				CLANG_WARN_OBJC_IMPLICIT_RETAIN_SELF = YES;
				CLANG_WARN_OBJC_LITERAL_CONVERSION = YES;
				CLANG_WARN_OBJC_ROOT_CLASS = YES_ERROR;
				CLANG_WARN_QUOTED_INCLUDE_IN_FRAMEWORK_HEADER = YES;
				CLANG_WARN_RANGE_LOOP_ANALYSIS = YES;
				CLANG_WARN_STRICT_PROTOTYPES = YES;
				CLANG_WARN_SUSPICIOUS_MOVE = YES;
				CLANG_WARN_UNGUARDED_AVAILABILITY = YES_AGGRESSIVE;
				CLANG_WARN_UNREACHABLE_CODE = YES;
				CLANG_WARN__DUPLICATE_METHOD_MATCH = YES;
				COPY_PHASE_STRIP = NO;
				DEBUG_INFORMATION_FORMAT = "dwarf-with-dsym";
				ENABLE_NS_ASSERTIONS = NO;
				ENABLE_STRICT_OBJC_MSGSEND = YES;
				GCC_C_LANGUAGE_STANDARD = gnu11;
				GCC_NO_COMMON_BLOCKS = YES;
				GCC_WARN_64_TO_32_BIT_CONVERSION = YES;
				GCC_WARN_ABOUT_RETURN_TYPE = YES_ERROR;
				GCC_WARN_UNDECLARED_SELECTOR = YES;
				GCC_WARN_UNINITIALIZED_AUTOS = YES_AGGRESSIVE;
				GCC_WARN_UNUSED_FUNCTION = YES;
				GCC_WARN_UNUSED_VARIABLE = YES;
				IPHONEOS_DEPLOYMENT_TARGET = 16.2;
				MTL_ENABLE_DEBUG_INFO = NO;
				MTL_FAST_MATH = YES;
				SDKROOT = iphoneos;
				SWIFT_COMPILATION_MODE = wholemodule;
				SWIFT_OPTIMIZATION_LEVEL = "-O";
				VALIDATE_PRODUCT = YES;
			};
			name = Release;
		};
		AA62E6262B2019F30045263A /* Debug */ = {
			isa = XCBuildConfiguration;
			baseConfigurationReference = 25F5DCB70E96195A9FC94BE6 /* Pods-ChatApp.debug.xcconfig */;
			buildSettings = {
				ASSETCATALOG_COMPILER_APPICON_NAME = AppIcon;
				ASSETCATALOG_COMPILER_GLOBAL_ACCENT_COLOR_NAME = AccentColor;
				CODE_SIGN_STYLE = Automatic;
				CURRENT_PROJECT_VERSION = 1;
				DEVELOPMENT_TEAM = P82L6D3NV5;
				GENERATE_INFOPLIST_FILE = YES;
				INFOPLIST_FILE = ChatApp/Info.plist;
				INFOPLIST_KEY_LSApplicationCategoryType = "";
				INFOPLIST_KEY_UIApplicationSupportsIndirectInputEvents = YES;
				INFOPLIST_KEY_UILaunchStoryboardName = LaunchScreen;
				INFOPLIST_KEY_UIMainStoryboardFile = Main;
				INFOPLIST_KEY_UISupportedInterfaceOrientations_iPad = "UIInterfaceOrientationPortrait UIInterfaceOrientationPortraitUpsideDown UIInterfaceOrientationLandscapeLeft UIInterfaceOrientationLandscapeRight";
				INFOPLIST_KEY_UISupportedInterfaceOrientations_iPhone = "UIInterfaceOrientationPortrait UIInterfaceOrientationLandscapeLeft UIInterfaceOrientationLandscapeRight";
				LD_RUNPATH_SEARCH_PATHS = (
					"$(inherited)",
					"@executable_path/Frameworks",
				);
				MARKETING_VERSION = 1.0;
				PRODUCT_BUNDLE_IDENTIFIER = nguyenvantuan.ChatApp;
				PRODUCT_NAME = "$(TARGET_NAME)";
				SWIFT_EMIT_LOC_STRINGS = YES;
				SWIFT_VERSION = 5.0;
				TARGETED_DEVICE_FAMILY = "1,2";
			};
			name = Debug;
		};
		AA62E6272B2019F30045263A /* Release */ = {
			isa = XCBuildConfiguration;
			baseConfigurationReference = 68DA85D9AB4006ED0FCE12BD /* Pods-ChatApp.release.xcconfig */;
			buildSettings = {
				ASSETCATALOG_COMPILER_APPICON_NAME = AppIcon;
				ASSETCATALOG_COMPILER_GLOBAL_ACCENT_COLOR_NAME = AccentColor;
				CODE_SIGN_STYLE = Automatic;
				CURRENT_PROJECT_VERSION = 1;
				DEVELOPMENT_TEAM = P82L6D3NV5;
				GENERATE_INFOPLIST_FILE = YES;
				INFOPLIST_FILE = ChatApp/Info.plist;
				INFOPLIST_KEY_LSApplicationCategoryType = "";
				INFOPLIST_KEY_UIApplicationSupportsIndirectInputEvents = YES;
				INFOPLIST_KEY_UILaunchStoryboardName = LaunchScreen;
				INFOPLIST_KEY_UIMainStoryboardFile = Main;
				INFOPLIST_KEY_UISupportedInterfaceOrientations_iPad = "UIInterfaceOrientationPortrait UIInterfaceOrientationPortraitUpsideDown UIInterfaceOrientationLandscapeLeft UIInterfaceOrientationLandscapeRight";
				INFOPLIST_KEY_UISupportedInterfaceOrientations_iPhone = "UIInterfaceOrientationPortrait UIInterfaceOrientationLandscapeLeft UIInterfaceOrientationLandscapeRight";
				LD_RUNPATH_SEARCH_PATHS = (
					"$(inherited)",
					"@executable_path/Frameworks",
				);
				MARKETING_VERSION = 1.0;
				PRODUCT_BUNDLE_IDENTIFIER = nguyenvantuan.ChatApp;
				PRODUCT_NAME = "$(TARGET_NAME)";
				SWIFT_EMIT_LOC_STRINGS = YES;
				SWIFT_VERSION = 5.0;
				TARGETED_DEVICE_FAMILY = "1,2";
			};
			name = Release;
		};
		AA62E6292B2019F30045263A /* Debug */ = {
			isa = XCBuildConfiguration;
			baseConfigurationReference = 969FE81EE8B2487F1093D8C2 /* Pods-ChatAppTests.debug.xcconfig */;
			buildSettings = {
				ALWAYS_EMBED_SWIFT_STANDARD_LIBRARIES = YES;
				BUNDLE_LOADER = "$(TEST_HOST)";
				CODE_SIGN_STYLE = Automatic;
				CURRENT_PROJECT_VERSION = 1;
				DEVELOPMENT_TEAM = P82L6D3NV5;
				GENERATE_INFOPLIST_FILE = YES;
				IPHONEOS_DEPLOYMENT_TARGET = 16.2;
				MARKETING_VERSION = 1.0;
				PRODUCT_BUNDLE_IDENTIFIER = nguyenvantuan.ChatAppTests;
				PRODUCT_NAME = "$(TARGET_NAME)";
				SWIFT_EMIT_LOC_STRINGS = NO;
				SWIFT_VERSION = 5.0;
				TARGETED_DEVICE_FAMILY = "1,2";
				TEST_HOST = "$(BUILT_PRODUCTS_DIR)/ChatApp.app/$(BUNDLE_EXECUTABLE_FOLDER_PATH)/ChatApp";
			};
			name = Debug;
		};
		AA62E62A2B2019F30045263A /* Release */ = {
			isa = XCBuildConfiguration;
			baseConfigurationReference = B15B9D821637C2AC2097B369 /* Pods-ChatAppTests.release.xcconfig */;
			buildSettings = {
				ALWAYS_EMBED_SWIFT_STANDARD_LIBRARIES = YES;
				BUNDLE_LOADER = "$(TEST_HOST)";
				CODE_SIGN_STYLE = Automatic;
				CURRENT_PROJECT_VERSION = 1;
				DEVELOPMENT_TEAM = P82L6D3NV5;
				GENERATE_INFOPLIST_FILE = YES;
				IPHONEOS_DEPLOYMENT_TARGET = 16.2;
				MARKETING_VERSION = 1.0;
				PRODUCT_BUNDLE_IDENTIFIER = nguyenvantuan.ChatAppTests;
				PRODUCT_NAME = "$(TARGET_NAME)";
				SWIFT_EMIT_LOC_STRINGS = NO;
				SWIFT_VERSION = 5.0;
				TARGETED_DEVICE_FAMILY = "1,2";
				TEST_HOST = "$(BUILT_PRODUCTS_DIR)/ChatApp.app/$(BUNDLE_EXECUTABLE_FOLDER_PATH)/ChatApp";
			};
			name = Release;
		};
		AA62E62C2B2019F30045263A /* Debug */ = {
			isa = XCBuildConfiguration;
			baseConfigurationReference = 759674CA57483C7CAA7721CC /* Pods-ChatApp-ChatAppUITests.debug.xcconfig */;
			buildSettings = {
				ALWAYS_EMBED_SWIFT_STANDARD_LIBRARIES = YES;
				CODE_SIGN_STYLE = Automatic;
				CURRENT_PROJECT_VERSION = 1;
				DEVELOPMENT_TEAM = P82L6D3NV5;
				GENERATE_INFOPLIST_FILE = YES;
				MARKETING_VERSION = 1.0;
				PRODUCT_BUNDLE_IDENTIFIER = nguyenvantuan.ChatAppUITests;
				PRODUCT_NAME = "$(TARGET_NAME)";
				SWIFT_EMIT_LOC_STRINGS = NO;
				SWIFT_VERSION = 5.0;
				TARGETED_DEVICE_FAMILY = "1,2";
				TEST_TARGET_NAME = ChatApp;
			};
			name = Debug;
		};
		AA62E62D2B2019F30045263A /* Release */ = {
			isa = XCBuildConfiguration;
			baseConfigurationReference = 13D00FE79B1625ACE2887E89 /* Pods-ChatApp-ChatAppUITests.release.xcconfig */;
			buildSettings = {
				ALWAYS_EMBED_SWIFT_STANDARD_LIBRARIES = YES;
				CODE_SIGN_STYLE = Automatic;
				CURRENT_PROJECT_VERSION = 1;
				DEVELOPMENT_TEAM = P82L6D3NV5;
				GENERATE_INFOPLIST_FILE = YES;
				MARKETING_VERSION = 1.0;
				PRODUCT_BUNDLE_IDENTIFIER = nguyenvantuan.ChatAppUITests;
				PRODUCT_NAME = "$(TARGET_NAME)";
				SWIFT_EMIT_LOC_STRINGS = NO;
				SWIFT_VERSION = 5.0;
				TARGETED_DEVICE_FAMILY = "1,2";
				TEST_TARGET_NAME = ChatApp;
			};
			name = Release;
		};
/* End XCBuildConfiguration section */

/* Begin XCConfigurationList section */
		AA62E5F62B2019F20045263A /* Build configuration list for PBXProject "ChatApp" */ = {
			isa = XCConfigurationList;
			buildConfigurations = (
				AA62E6232B2019F30045263A /* Debug */,
				AA62E6242B2019F30045263A /* Release */,
			);
			defaultConfigurationIsVisible = 0;
			defaultConfigurationName = Release;
		};
		AA62E6252B2019F30045263A /* Build configuration list for PBXNativeTarget "ChatApp" */ = {
			isa = XCConfigurationList;
			buildConfigurations = (
				AA62E6262B2019F30045263A /* Debug */,
				AA62E6272B2019F30045263A /* Release */,
			);
			defaultConfigurationIsVisible = 0;
			defaultConfigurationName = Release;
		};
		AA62E6282B2019F30045263A /* Build configuration list for PBXNativeTarget "ChatAppTests" */ = {
			isa = XCConfigurationList;
			buildConfigurations = (
				AA62E6292B2019F30045263A /* Debug */,
				AA62E62A2B2019F30045263A /* Release */,
			);
			defaultConfigurationIsVisible = 0;
			defaultConfigurationName = Release;
		};
		AA62E62B2B2019F30045263A /* Build configuration list for PBXNativeTarget "ChatAppUITests" */ = {
			isa = XCConfigurationList;
			buildConfigurations = (
				AA62E62C2B2019F30045263A /* Debug */,
				AA62E62D2B2019F30045263A /* Release */,
			);
			defaultConfigurationIsVisible = 0;
			defaultConfigurationName = Release;
		};
/* End XCConfigurationList section */
	};
	rootObject = AA62E5F32B2019F20045263A /* Project object */;
}
